// !$*UTF8*$!
{
	archiveVersion = 1;
	classes = {
	};
	objectVersion = 46;
	objects = {

/* Begin PBXBuildFile section */
		049258871DE67CB0005A6811 /* main.m in Sources */ = {isa = PBXBuildFile; fileRef = 049258861DE67CB0005A6811 /* main.m */; };
		0492588A1DE67CB0005A6811 /* AppDelegate.m in Sources */ = {isa = PBXBuildFile; fileRef = 049258891DE67CB0005A6811 /* AppDelegate.m */; };
		0492588D1DE67CB0005A6811 /* ViewController.m in Sources */ = {isa = PBXBuildFile; fileRef = 0492588C1DE67CB0005A6811 /* ViewController.m */; };
		049258901DE67CB0005A6811 /* Main.storyboard in Resources */ = {isa = PBXBuildFile; fileRef = 0492588E1DE67CB0005A6811 /* Main.storyboard */; };
		049258921DE67CB0005A6811 /* Assets.xcassets in Resources */ = {isa = PBXBuildFile; fileRef = 049258911DE67CB0005A6811 /* Assets.xcassets */; };
		049258951DE67CB0005A6811 /* LaunchScreen.storyboard in Resources */ = {isa = PBXBuildFile; fileRef = 049258931DE67CB0005A6811 /* LaunchScreen.storyboard */; };
		049258A11DE67CD4005A6811 /* WPCircleScrollView.m in Sources */ = {isa = PBXBuildFile; fileRef = 0492589E1DE67CD4005A6811 /* WPCircleScrollView.m */; };
		049258A21DE67CD4005A6811 /* WPDateTimePickerView.m in Sources */ = {isa = PBXBuildFile; fileRef = 049258A01DE67CD4005A6811 /* WPDateTimePickerView.m */; };
/* End PBXBuildFile section */

/* Begin PBXFileReference section */
		049258821DE67CB0005A6811 /* DatePicker.app */ = {isa = PBXFileReference; explicitFileType = wrapper.application; includeInIndex = 0; path = DatePicker.app; sourceTree = BUILT_PRODUCTS_DIR; };
		049258861DE67CB0005A6811 /* main.m */ = {isa = PBXFileReference; lastKnownFileType = sourcecode.c.objc; path = main.m; sourceTree = "<group>"; };
		049258881DE67CB0005A6811 /* AppDelegate.h */ = {isa = PBXFileReference; lastKnownFileType = sourcecode.c.h; path = AppDelegate.h; sourceTree = "<group>"; };
		049258891DE67CB0005A6811 /* AppDelegate.m */ = {isa = PBXFileReference; lastKnownFileType = sourcecode.c.objc; path = AppDelegate.m; sourceTree = "<group>"; };
		0492588B1DE67CB0005A6811 /* ViewController.h */ = {isa = PBXFileReference; lastKnownFileType = sourcecode.c.h; path = ViewController.h; sourceTree = "<group>"; };
		0492588C1DE67CB0005A6811 /* ViewController.m */ = {isa = PBXFileReference; lastKnownFileType = sourcecode.c.objc; path = ViewController.m; sourceTree = "<group>"; };
		0492588F1DE67CB0005A6811 /* Base */ = {isa = PBXFileReference; lastKnownFileType = file.storyboard; name = Base; path = Base.lproj/Main.storyboard; sourceTree = "<group>"; };
		049258911DE67CB0005A6811 /* Assets.xcassets */ = {isa = PBXFileReference; lastKnownFileType = folder.assetcatalog; path = Assets.xcassets; sourceTree = "<group>"; };
		049258941DE67CB0005A6811 /* Base */ = {isa = PBXFileReference; lastKnownFileType = file.storyboard; name = Base; path = Base.lproj/LaunchScreen.storyboard; sourceTree = "<group>"; };
		049258961DE67CB0005A6811 /* Info.plist */ = {isa = PBXFileReference; lastKnownFileType = text.plist.xml; path = Info.plist; sourceTree = "<group>"; };
		0492589D1DE67CD4005A6811 /* WPCircleScrollView.h */ = {isa = PBXFileReference; fileEncoding = 4; lastKnownFileType = sourcecode.c.h; path = WPCircleScrollView.h; sourceTree = "<group>"; };
		0492589E1DE67CD4005A6811 /* WPCircleScrollView.m */ = {isa = PBXFileReference; fileEncoding = 4; lastKnownFileType = sourcecode.c.objc; path = WPCircleScrollView.m; sourceTree = "<group>"; };
		0492589F1DE67CD4005A6811 /* WPDateTimePickerView.h */ = {isa = PBXFileReference; fileEncoding = 4; lastKnownFileType = sourcecode.c.h; path = WPDateTimePickerView.h; sourceTree = "<group>"; };
		049258A01DE67CD4005A6811 /* WPDateTimePickerView.m */ = {isa = PBXFileReference; fileEncoding = 4; lastKnownFileType = sourcecode.c.objc; path = WPDateTimePickerView.m; sourceTree = "<group>"; };
/* End PBXFileReference section */

/* Begin PBXFrameworksBuildPhase section */
		0492587F1DE67CB0005A6811 /* Frameworks */ = {
			isa = PBXFrameworksBuildPhase;
			buildActionMask = 2147483647;
			files = (
			);
			runOnlyForDeploymentPostprocessing = 0;
		};
/* End PBXFrameworksBuildPhase section */

/* Begin PBXGroup section */
		049258791DE67CB0005A6811 = {
			isa = PBXGroup;
			children = (
				049258841DE67CB0005A6811 /* DatePicker */,
				049258831DE67CB0005A6811 /* Products */,
			);
			sourceTree = "<group>";
		};
		049258831DE67CB0005A6811 /* Products */ = {
			isa = PBXGroup;
			children = (
				049258821DE67CB0005A6811 /* DatePicker.app */,
			);
			name = Products;
			sourceTree = "<group>";
		};
		049258841DE67CB0005A6811 /* DatePicker */ = {
			isa = PBXGroup;
			children = (
				0492589C1DE67CD4005A6811 /* WPDateTimePickerView */,
				049258881DE67CB0005A6811 /* AppDelegate.h */,
				049258891DE67CB0005A6811 /* AppDelegate.m */,
				0492588B1DE67CB0005A6811 /* ViewController.h */,
				0492588C1DE67CB0005A6811 /* ViewController.m */,
				0492588E1DE67CB0005A6811 /* Main.storyboard */,
				049258911DE67CB0005A6811 /* Assets.xcassets */,
				049258931DE67CB0005A6811 /* LaunchScreen.storyboard */,
				049258961DE67CB0005A6811 /* Info.plist */,
				049258851DE67CB0005A6811 /* Supporting Files */,
			);
			path = DatePicker;
			sourceTree = "<group>";
		};
		049258851DE67CB0005A6811 /* Supporting Files */ = {
			isa = PBXGroup;
			children = (
				049258861DE67CB0005A6811 /* main.m */,
			);
			name = "Supporting Files";
			sourceTree = "<group>";
		};
		0492589C1DE67CD4005A6811 /* WPDateTimePickerView */ = {
			isa = PBXGroup;
			children = (
				0492589D1DE67CD4005A6811 /* WPCircleScrollView.h */,
				0492589E1DE67CD4005A6811 /* WPCircleScrollView.m */,
				0492589F1DE67CD4005A6811 /* WPDateTimePickerView.h */,
				049258A01DE67CD4005A6811 /* WPDateTimePickerView.m */,
			);
			path = WPDateTimePickerView;
			sourceTree = "<group>";
		};
/* End PBXGroup section */

/* Begin PBXNativeTarget section */
		049258811DE67CB0005A6811 /* DatePicker */ = {
			isa = PBXNativeTarget;
			buildConfigurationList = 049258991DE67CB0005A6811 /* Build configuration list for PBXNativeTarget "DatePicker" */;
			buildPhases = (
				0492587E1DE67CB0005A6811 /* Sources */,
				0492587F1DE67CB0005A6811 /* Frameworks */,
				049258801DE67CB0005A6811 /* Resources */,
			);
			buildRules = (
			);
			dependencies = (
			);
			name = DatePicker;
			productName = DatePicker;
			productReference = 049258821DE67CB0005A6811 /* DatePicker.app */;
			productType = "com.apple.product-type.application";
		};
/* End PBXNativeTarget section */

/* Begin PBXProject section */
		0492587A1DE67CB0005A6811 /* Project object */ = {
			isa = PBXProject;
			attributes = {
				LastUpgradeCheck = 0810;
				ORGANIZATIONNAME = Micheal;
				TargetAttributes = {
					049258811DE67CB0005A6811 = {
						CreatedOnToolsVersion = 8.1;
						DevelopmentTeam = E98CQ6NJE7;
						ProvisioningStyle = Automatic;
					};
				};
			};
			buildConfigurationList = 0492587D1DE67CB0005A6811 /* Build configuration list for PBXProject "DatePicker" */;
			compatibilityVersion = "Xcode 3.2";
			developmentRegion = English;
			hasScannedForEncodings = 0;
			knownRegions = (
				en,
				Base,
			);
			mainGroup = 049258791DE67CB0005A6811;
			productRefGroup = 049258831DE67CB0005A6811 /* Products */;
			projectDirPath = "";
			projectRoot = "";
			targets = (
				049258811DE67CB0005A6811 /* DatePicker */,
			);
		};
/* End PBXProject section */

/* Begin PBXResourcesBuildPhase section */
		049258801DE67CB0005A6811 /* Resources */ = {
			isa = PBXResourcesBuildPhase;
			buildActionMask = 2147483647;
			files = (
				049258951DE67CB0005A6811 /* LaunchScreen.storyboard in Resources */,
				049258921DE67CB0005A6811 /* Assets.xcassets in Resources */,
				049258901DE67CB0005A6811 /* Main.storyboard in Resources */,
			);
			runOnlyForDeploymentPostprocessing = 0;
		};
/* End PBXResourcesBuildPhase section */

/* Begin PBXSourcesBuildPhase section */
		0492587E1DE67CB0005A6811 /* Sources */ = {
			isa = PBXSourcesBuildPhase;
			buildActionMask = 2147483647;
			files = (
				0492588D1DE67CB0005A6811 /* ViewController.m in Sources */,
				0492588A1DE67CB0005A6811 /* AppDelegate.m in Sources */,
				049258A21DE67CD4005A6811 /* WPDateTimePickerView.m in Sources */,
				049258A11DE67CD4005A6811 /* WPCircleScrollView.m in Sources */,
				049258871DE67CB0005A6811 /* main.m in Sources */,
			);
			runOnlyForDeploymentPostprocessing = 0;
		};
/* End PBXSourcesBuildPhase section */

/* Begin PBXVariantGroup section */
		0492588E1DE67CB0005A6811 /* Main.storyboard */ = {
			isa = PBXVariantGroup;
			children = (
				0492588F1DE67CB0005A6811 /* Base */,
			);
			name = Main.storyboard;
			sourceTree = "<group>";
		};
		049258931DE67CB0005A6811 /* LaunchScreen.storyboard */ = {
			isa = PBXVariantGroup;
			children = (
				049258941DE67CB0005A6811 /* Base */,
			);
			name = LaunchScreen.storyboard;
			sourceTree = "<group>";
		};
/* End PBXVariantGroup section */

/* Begin XCBuildConfiguration section */
		049258971DE67CB0005A6811 /* Debug */ = {
			isa = XCBuildConfiguration;
			buildSettings = {
				ALWAYS_SEARCH_USER_PATHS = NO;
				CLANG_ANALYZER_NONNULL = YES;
				CLANG_CXX_LANGUAGE_STANDARD = "gnu++0x";
				CLANG_CXX_LIBRARY = "libc++";
				CLANG_ENABLE_MODULES = YES;
				CLANG_ENABLE_OBJC_ARC = YES;
				CLANG_WARN_BOOL_CONVERSION = YES;
				CLANG_WARN_CONSTANT_CONVERSION = YES;
				CLANG_WARN_DIRECT_OBJC_ISA_USAGE = YES_ERROR;
				CLANG_WARN_DOCUMENTATION_COMMENTS = YES;
				CLANG_WARN_EMPTY_BODY = YES;
				CLANG_WARN_ENUM_CONVERSION = YES;
				CLANG_WARN_INFINITE_RECURSION = YES;
				CLANG_WARN_INT_CONVERSION = YES;
				CLANG_WARN_OBJC_ROOT_CLASS = YES_ERROR;
				CLANG_WARN_SUSPICIOUS_MOVES = YES;
				CLANG_WARN_UNREACHABLE_CODE = YES;
				CLANG_WARN__DUPLICATE_METHOD_MATCH = YES;
				"CODE_SIGN_IDENTITY[sdk=iphoneos*]" = "iPhone Developer";
				COPY_PHASE_STRIP = NO;
				DEBUG_INFORMATION_FORMAT = dwarf;
				ENABLE_STRICT_OBJC_MSGSEND = YES;
				ENABLE_TESTABILITY = YES;
				GCC_C_LANGUAGE_STANDARD = gnu99;
				GCC_DYNAMIC_NO_PIC = NO;
				GCC_NO_COMMON_BLOCKS = YES;
				GCC_OPTIMIZATION_LEVEL = 0;
				GCC_PREPROCESSOR_DEFINITIONS = (
					"DEBUG=1",
					"$(inherited)",
				);
				GCC_WARN_64_TO_32_BIT_CONVERSION = YES;
				GCC_WARN_ABOUT_RETURN_TYPE = YES_ERROR;
				GCC_WARN_UNDECLARED_SELECTOR = YES;
				GCC_WARN_UNINITIALIZED_AUTOS = YES_AGGRESSIVE;
				GCC_WARN_UNUSED_FUNCTION = YES;
				GCC_WARN_UNUSED_VARIABLE = YES;
				IPHONEOS_DEPLOYMENT_TARGET = 8.0;
				MTL_ENABLE_DEBUG_INFO = YES;
				ONLY_ACTIVE_ARCH = YES;
				SDKROOT = iphoneos;
				TARGETED_DEVICE_FAMILY = "1,2";
			};
			name = Debug;
		};
		049258981DE67CB0005A6811 /* Release */ = {
			isa = XCBuildConfiguration;
			buildSettings = {
				ALWAYS_SEARCH_USER_PATHS = NO;
				CLANG_ANALYZER_NONNULL = YES;
				CLANG_CXX_LANGUAGE_STANDARD = "gnu++0x";
				CLANG_CXX_LIBRARY = "libc++";
				CLANG_ENABLE_MODULES = YES;
				CLANG_ENABLE_OBJC_ARC = YES;
				CLANG_WARN_BOOL_CONVERSION = YES;
				CLANG_WARN_CONSTANT_CONVERSION = YES;
				CLANG_WARN_DIRECT_OBJC_ISA_USAGE = YES_ERROR;
				CLANG_WARN_DOCUMENTATION_COMMENTS = YES;
				CLANG_WARN_EMPTY_BODY = YES;
				CLANG_WARN_ENUM_CONVERSION = YES;
				CLANG_WARN_INFINITE_RECURSION = YES;
				CLANG_WARN_INT_CONVERSION = YES;
				CLANG_WARN_OBJC_ROOT_CLASS = YES_ERROR;
				CLANG_WARN_SUSPICIOUS_MOVES = YES;
				CLANG_WARN_UNREACHABLE_CODE = YES;
				CLANG_WARN__DUPLICATE_METHOD_MATCH = YES;
				"CODE_SIGN_IDENTITY[sdk=iphoneos*]" = "iPhone Developer";
				COPY_PHASE_STRIP = NO;
				DEBUG_INFORMATION_FORMAT = "dwarf-with-dsym";
				ENABLE_NS_ASSERTIONS = NO;
				ENABLE_STRICT_OBJC_MSGSEND = YES;
				GCC_C_LANGUAGE_STANDARD = gnu99;
				GCC_NO_COMMON_BLOCKS = YES;
				GCC_WARN_64_TO_32_BIT_CONVERSION = YES;
				GCC_WARN_ABOUT_RETURN_TYPE = YES_ERROR;
				GCC_WARN_UNDECLARED_SELECTOR = YES;
				GCC_WARN_UNINITIALIZED_AUTOS = YES_AGGRESSIVE;
				GCC_WARN_UNUSED_FUNCTION = YES;
				GCC_WARN_UNUSED_VARIABLE = YES;
				IPHONEOS_DEPLOYMENT_TARGET = 8.0;
				MTL_ENABLE_DEBUG_INFO = NO;
				SDKROOT = iphoneos;
				TARGETED_DEVICE_FAMILY = "1,2";
				VALIDATE_PRODUCT = YES;
			};
			name = Release;
		};
		0492589A1DE67CB0005A6811 /* Debug */ = {
			isa = XCBuildConfiguration;
			buildSettings = {
				ASSETCATALOG_COMPILER_APPICON_NAME = AppIcon;
				DEVELOPMENT_TEAM = E98CQ6NJE7;
				INFOPLIST_FILE = DatePicker/Info.plist;
				IPHONEOS_DEPLOYMENT_TARGET = 8.0;
				LD_RUNPATH_SEARCH_PATHS = "$(inherited) @executable_path/Frameworks";
				PRODUCT_BUNDLE_IDENTIFIER = com.blrise.DatePicker;
				PRODUCT_NAME = "$(TARGET_NAME)";
			};
			name = Debug;
		};
		0492589B1DE67CB0005A6811 /* Release */ = {
			isa = XCBuildConfiguration;
			buildSettings = {
				ASSETCATALOG_COMPILER_APPICON_NAME = AppIcon;
				DEVELOPMENT_TEAM = E98CQ6NJE7;
				INFOPLIST_FILE = DatePicker/Info.plist;
				IPHONEOS_DEPLOYMENT_TARGET = 8.0;
				LD_RUNPATH_SEARCH_PATHS = "$(inherited) @executable_path/Frameworks";
				PRODUCT_BUNDLE_IDENTIFIER = com.blrise.DatePicker;
				PRODUCT_NAME = "$(TARGET_NAME)";
			};
			name = Release;
		};
/* End XCBuildConfiguration section */

/* Begin XCConfigurationList section */
		0492587D1DE67CB0005A6811 /* Build configuration list for PBXProject "DatePicker" */ = {
			isa = XCConfigurationList;
			buildConfigurations = (
				049258971DE67CB0005A6811 /* Debug */,
				049258981DE67CB0005A6811 /* Release */,
			);
			defaultConfigurationIsVisible = 0;
			defaultConfigurationName = Release;
		};
		049258991DE67CB0005A6811 /* Build configuration list for PBXNativeTarget "DatePicker" */ = {
			isa = XCConfigurationList;
			buildConfigurations = (
				0492589A1DE67CB0005A6811 /* Debug */,
				0492589B1DE67CB0005A6811 /* Release */,
			);
			defaultConfigurationIsVisible = 0;
		};
/* End XCConfigurationList section */
	};
	rootObject = 0492587A1DE67CB0005A6811 /* Project object */;
}
